
Microsoft Visual Studio Solution File, Format Version 12.00
# Visual Studio Version 17
VisualStudioVersion = 17.3.32929.385
MinimumVisualStudioVersion = 10.0.40219.1
Project("{FAE04EC0-301F-11D3-BF4B-00C04F79EFBC}") = "esitehtävä 1", "esitehtävä 1\esitehtävä 1.csproj", "{FFA867E3-DB0E-4245-A3B2-69580597029A}"
EndProject
Global
	GlobalSection(SolutionConfigurationPlatforms) = preSolution
		Debug|Any CPU = Debug|Any CPU
		Release|Any CPU = Release|Any CPU
	EndGlobalSection
	GlobalSection(ProjectConfigurationPlatforms) = postSolution
		{FFA867E3-DB0E-4245-A3B2-69580597029A}.Debug|Any CPU.ActiveCfg = Debug|Any CPU
		{FFA867E3-DB0E-4245-A3B2-69580597029A}.Debug|Any CPU.Build.0 = Debug|Any CPU
		{FFA867E3-DB0E-4245-A3B2-69580597029A}.Release|Any CPU.ActiveCfg = Release|Any CPU
		{FFA867E3-DB0E-4245-A3B2-69580597029A}.Release|Any CPU.Build.0 = Release|Any CPU
	EndGlobalSection
	GlobalSection(SolutionProperties) = preSolution
		HideSolutionNode = FALSE
	EndGlobalSection
	GlobalSection(ExtensibilityGlobals) = postSolution
		SolutionGuid = {A9EC4B70-EE1C-4B7F-BC14-C54FFC7723B8}
	EndGlobalSection
EndGlobal
